
Microsoft Visual Studio Solution File, Format Version 12.00
# Visual Studio Version 16
VisualStudioVersion = 16.0.32228.343
MinimumVisualStudioVersion = 10.0.40219.1
Project("{9A19103F-16F7-4668-BE54-9A1E7A4F7556}") = "PlatformTokens", "PlatformTokens\PlatformTokens.csproj", "{A2BB608F-3AC3-487B-88C6-6AB75F06179E}"
EndProject
Project("{9A19103F-16F7-4668-BE54-9A1E7A4F7556}") = "Contracts", "Contracts\Contracts.csproj", "{A9DC4688-B648-419B-92AA-A6B9ADDC0CEE}"
EndProject
Project("{9A19103F-16F7-4668-BE54-9A1E7A4F7556}") = "LoggerService", "LoggerService\LoggerService.csproj", "{7D22D083-5A90-4C0E-AF68-9F9CDC35BC0B}"
EndProject
Project("{FAE04EC0-301F-11D3-BF4B-00C04F79EFBC}") = "Entities", "Entities\Entities.csproj", "{DED57260-7032-41CE-B45C-1D3511E6204E}"
EndProject
Global
	GlobalSection(SolutionConfigurationPlatforms) = preSolution
		Debug|Any CPU = Debug|Any CPU
		Release|Any CPU = Release|Any CPU
	EndGlobalSection
	GlobalSection(ProjectConfigurationPlatforms) = postSolution
		{A2BB608F-3AC3-487B-88C6-6AB75F06179E}.Debug|Any CPU.ActiveCfg = Debug|Any CPU
		{A2BB608F-3AC3-487B-88C6-6AB75F06179E}.Debug|Any CPU.Build.0 = Debug|Any CPU
		{A2BB608F-3AC3-487B-88C6-6AB75F06179E}.Release|Any CPU.ActiveCfg = Release|Any CPU
		{A2BB608F-3AC3-487B-88C6-6AB75F06179E}.Release|Any CPU.Build.0 = Release|Any CPU
		{A9DC4688-B648-419B-92AA-A6B9ADDC0CEE}.Debug|Any CPU.ActiveCfg = Debug|Any CPU
		{A9DC4688-B648-419B-92AA-A6B9ADDC0CEE}.Debug|Any CPU.Build.0 = Debug|Any CPU
		{A9DC4688-B648-419B-92AA-A6B9ADDC0CEE}.Release|Any CPU.ActiveCfg = Release|Any CPU
		{A9DC4688-B648-419B-92AA-A6B9ADDC0CEE}.Release|Any CPU.Build.0 = Release|Any CPU
		{7D22D083-5A90-4C0E-AF68-9F9CDC35BC0B}.Debug|Any CPU.ActiveCfg = Debug|Any CPU
		{7D22D083-5A90-4C0E-AF68-9F9CDC35BC0B}.Debug|Any CPU.Build.0 = Debug|Any CPU
		{7D22D083-5A90-4C0E-AF68-9F9CDC35BC0B}.Release|Any CPU.ActiveCfg = Release|Any CPU
		{7D22D083-5A90-4C0E-AF68-9F9CDC35BC0B}.Release|Any CPU.Build.0 = Release|Any CPU
		{DED57260-7032-41CE-B45C-1D3511E6204E}.Debug|Any CPU.ActiveCfg = Debug|Any CPU
		{DED57260-7032-41CE-B45C-1D3511E6204E}.Debug|Any CPU.Build.0 = Debug|Any CPU
		{DED57260-7032-41CE-B45C-1D3511E6204E}.Release|Any CPU.ActiveCfg = Release|Any CPU
		{DED57260-7032-41CE-B45C-1D3511E6204E}.Release|Any CPU.Build.0 = Release|Any CPU
	EndGlobalSection
	GlobalSection(SolutionProperties) = preSolution
		HideSolutionNode = FALSE
	EndGlobalSection
	GlobalSection(ExtensibilityGlobals) = postSolution
		SolutionGuid = {54F72D89-F24A-40BC-B792-46F3BBE6C260}
	EndGlobalSection
EndGlobal
